// !$*UTF8*$!
{
	archiveVersion = 1;
	classes = {
	};
	objectVersion = 56;
	objects = {

/* Begin PBXBuildFile section */
		C5167C192A7C8F2B00095427 /* BoomBoxUIApp.swift in Sources */ = {isa = PBXBuildFile; fileRef = C5167C182A7C8F2B00095427 /* BoomBoxUIApp.swift */; };
		C5167C1B2A7C8F2B00095427 /* ContentView.swift in Sources */ = {isa = PBXBuildFile; fileRef = C5167C1A2A7C8F2B00095427 /* ContentView.swift */; };
		C5167C1D2A7C8F2C00095427 /* Assets.xcassets in Resources */ = {isa = PBXBuildFile; fileRef = C5167C1C2A7C8F2C00095427 /* Assets.xcassets */; };
		C5167C202A7C8F2C00095427 /* Preview Assets.xcassets in Resources */ = {isa = PBXBuildFile; fileRef = C5167C1F2A7C8F2C00095427 /* Preview Assets.xcassets */; };
		C5167C2B2A7C8F2C00095427 /* BoomBoxUITests.swift in Sources */ = {isa = PBXBuildFile; fileRef = C5167C2A2A7C8F2C00095427 /* BoomBoxUITests.swift */; };
		C5167C352A7C8F2C00095427 /* BoomBoxUIUITests.swift in Sources */ = {isa = PBXBuildFile; fileRef = C5167C342A7C8F2C00095427 /* BoomBoxUIUITests.swift */; };
		C5167C372A7C8F2C00095427 /* BoomBoxUIUITestsLaunchTests.swift in Sources */ = {isa = PBXBuildFile; fileRef = C5167C362A7C8F2C00095427 /* BoomBoxUIUITestsLaunchTests.swift */; };
		C5167C4C2A7C8F5100095427 /* BoomBox.docc in Sources */ = {isa = PBXBuildFile; fileRef = C5167C4B2A7C8F5100095427 /* BoomBox.docc */; };
		C5167C522A7C8F5100095427 /* BoomBox.framework in Frameworks */ = {isa = PBXBuildFile; fileRef = C5167C482A7C8F5100095427 /* BoomBox.framework */; };
		C5167C592A7C8F5100095427 /* BoomBoxTests.swift in Sources */ = {isa = PBXBuildFile; fileRef = C5167C582A7C8F5100095427 /* BoomBoxTests.swift */; };
		C5167C5A2A7C8F5100095427 /* BoomBox.h in Headers */ = {isa = PBXBuildFile; fileRef = C5167C4A2A7C8F5100095427 /* BoomBox.h */; settings = {ATTRIBUTES = (Public, ); }; };
		C5167C5D2A7C8F5100095427 /* BoomBox.framework in Frameworks */ = {isa = PBXBuildFile; fileRef = C5167C482A7C8F5100095427 /* BoomBox.framework */; };
		C5167C5E2A7C8F5100095427 /* BoomBox.framework in Embed Frameworks */ = {isa = PBXBuildFile; fileRef = C5167C482A7C8F5100095427 /* BoomBox.framework */; settings = {ATTRIBUTES = (CodeSignOnCopy, RemoveHeadersOnCopy, ); }; };
		C5167C672A7C8FCE00095427 /* Structures.model.swift in Sources */ = {isa = PBXBuildFile; fileRef = C5167C662A7C8FCE00095427 /* Structures.model.swift */; };
		C5167C692A7C945500095427 /* BBCore.swift in Sources */ = {isa = PBXBuildFile; fileRef = C5167C682A7C945500095427 /* BBCore.swift */; };
		C5167C6C2A7C9CBC00095427 /* AppState.swift in Sources */ = {isa = PBXBuildFile; fileRef = C5167C6B2A7C9CBC00095427 /* AppState.swift */; };
		C5A87A242A7DB55300FBD07E /* Wraping Stack.swift in Sources */ = {isa = PBXBuildFile; fileRef = C5A87A232A7DB55300FBD07E /* Wraping Stack.swift */; };
		C5A87A272A7EC09000FBD07E /* DSWaveformImageViews in Frameworks */ = {isa = PBXBuildFile; productRef = C5A87A262A7EC09000FBD07E /* DSWaveformImageViews */; };
		C5A87A2A2A7EC48200FBD07E /* SwiftUIIntrospect in Frameworks */ = {isa = PBXBuildFile; productRef = C5A87A292A7EC48200FBD07E /* SwiftUIIntrospect */; };
		C5A87A2C2A7EC8E000FBD07E /* SoundFullView.swift in Sources */ = {isa = PBXBuildFile; fileRef = C5A87A2B2A7EC8E000FBD07E /* SoundFullView.swift */; };
		C5A87A2E2A7EC98200FBD07E /* SoundTableView.swift in Sources */ = {isa = PBXBuildFile; fileRef = C5A87A2D2A7EC98200FBD07E /* SoundTableView.swift */; };
/* End PBXBuildFile section */

/* Begin PBXContainerItemProxy section */
		C5167C272A7C8F2C00095427 /* PBXContainerItemProxy */ = {
			isa = PBXContainerItemProxy;
			containerPortal = C5167C0D2A7C8F2B00095427 /* Project object */;
			proxyType = 1;
			remoteGlobalIDString = C5167C142A7C8F2B00095427;
			remoteInfo = BoomBoxUI;
		};
		C5167C312A7C8F2C00095427 /* PBXContainerItemProxy */ = {
			isa = PBXContainerItemProxy;
			containerPortal = C5167C0D2A7C8F2B00095427 /* Project object */;
			proxyType = 1;
			remoteGlobalIDString = C5167C142A7C8F2B00095427;
			remoteInfo = BoomBoxUI;
		};
		C5167C532A7C8F5100095427 /* PBXContainerItemProxy */ = {
			isa = PBXContainerItemProxy;
			containerPortal = C5167C0D2A7C8F2B00095427 /* Project object */;
			proxyType = 1;
			remoteGlobalIDString = C5167C472A7C8F5100095427;
			remoteInfo = BoomBox;
		};
		C5167C552A7C8F5100095427 /* PBXContainerItemProxy */ = {
			isa = PBXContainerItemProxy;
			containerPortal = C5167C0D2A7C8F2B00095427 /* Project object */;
			proxyType = 1;
			remoteGlobalIDString = C5167C142A7C8F2B00095427;
			remoteInfo = BoomBoxUI;
		};
		C5167C5B2A7C8F5100095427 /* PBXContainerItemProxy */ = {
			isa = PBXContainerItemProxy;
			containerPortal = C5167C0D2A7C8F2B00095427 /* Project object */;
			proxyType = 1;
			remoteGlobalIDString = C5167C472A7C8F5100095427;
			remoteInfo = BoomBox;
		};
/* End PBXContainerItemProxy section */

/* Begin PBXCopyFilesBuildPhase section */
		C5167C622A7C8F5100095427 /* Embed Frameworks */ = {
			isa = PBXCopyFilesBuildPhase;
			buildActionMask = 2147483647;
			dstPath = "";
			dstSubfolderSpec = 10;
			files = (
				C5167C5E2A7C8F5100095427 /* BoomBox.framework in Embed Frameworks */,
			);
			name = "Embed Frameworks";
			runOnlyForDeploymentPostprocessing = 0;
		};
/* End PBXCopyFilesBuildPhase section */

/* Begin PBXFileReference section */
		C5167C152A7C8F2B00095427 /* BoomBoxUI.app */ = {isa = PBXFileReference; explicitFileType = wrapper.application; includeInIndex = 0; path = BoomBoxUI.app; sourceTree = BUILT_PRODUCTS_DIR; };
		C5167C182A7C8F2B00095427 /* BoomBoxUIApp.swift */ = {isa = PBXFileReference; lastKnownFileType = sourcecode.swift; path = BoomBoxUIApp.swift; sourceTree = "<group>"; };
		C5167C1A2A7C8F2B00095427 /* ContentView.swift */ = {isa = PBXFileReference; lastKnownFileType = sourcecode.swift; path = ContentView.swift; sourceTree = "<group>"; };
		C5167C1C2A7C8F2C00095427 /* Assets.xcassets */ = {isa = PBXFileReference; lastKnownFileType = folder.assetcatalog; path = Assets.xcassets; sourceTree = "<group>"; };
		C5167C1F2A7C8F2C00095427 /* Preview Assets.xcassets */ = {isa = PBXFileReference; lastKnownFileType = folder.assetcatalog; path = "Preview Assets.xcassets"; sourceTree = "<group>"; };
		C5167C212A7C8F2C00095427 /* BoomBoxUI.entitlements */ = {isa = PBXFileReference; lastKnownFileType = text.plist.entitlements; path = BoomBoxUI.entitlements; sourceTree = "<group>"; };
		C5167C262A7C8F2C00095427 /* BoomBoxUITests.xctest */ = {isa = PBXFileReference; explicitFileType = wrapper.cfbundle; includeInIndex = 0; path = BoomBoxUITests.xctest; sourceTree = BUILT_PRODUCTS_DIR; };
		C5167C2A2A7C8F2C00095427 /* BoomBoxUITests.swift */ = {isa = PBXFileReference; lastKnownFileType = sourcecode.swift; path = BoomBoxUITests.swift; sourceTree = "<group>"; };
		C5167C302A7C8F2C00095427 /* BoomBoxUIUITests.xctest */ = {isa = PBXFileReference; explicitFileType = wrapper.cfbundle; includeInIndex = 0; path = BoomBoxUIUITests.xctest; sourceTree = BUILT_PRODUCTS_DIR; };
		C5167C342A7C8F2C00095427 /* BoomBoxUIUITests.swift */ = {isa = PBXFileReference; lastKnownFileType = sourcecode.swift; path = BoomBoxUIUITests.swift; sourceTree = "<group>"; };
		C5167C362A7C8F2C00095427 /* BoomBoxUIUITestsLaunchTests.swift */ = {isa = PBXFileReference; lastKnownFileType = sourcecode.swift; path = BoomBoxUIUITestsLaunchTests.swift; sourceTree = "<group>"; };
		C5167C482A7C8F5100095427 /* BoomBox.framework */ = {isa = PBXFileReference; explicitFileType = wrapper.framework; includeInIndex = 0; path = BoomBox.framework; sourceTree = BUILT_PRODUCTS_DIR; };
		C5167C4A2A7C8F5100095427 /* BoomBox.h */ = {isa = PBXFileReference; lastKnownFileType = sourcecode.c.h; path = BoomBox.h; sourceTree = "<group>"; };
		C5167C4B2A7C8F5100095427 /* BoomBox.docc */ = {isa = PBXFileReference; lastKnownFileType = folder.documentationcatalog; path = BoomBox.docc; sourceTree = "<group>"; };
		C5167C512A7C8F5100095427 /* BoomBoxTests.xctest */ = {isa = PBXFileReference; explicitFileType = wrapper.cfbundle; includeInIndex = 0; path = BoomBoxTests.xctest; sourceTree = BUILT_PRODUCTS_DIR; };
		C5167C582A7C8F5100095427 /* BoomBoxTests.swift */ = {isa = PBXFileReference; lastKnownFileType = sourcecode.swift; path = BoomBoxTests.swift; sourceTree = "<group>"; };
		C5167C662A7C8FCE00095427 /* Structures.model.swift */ = {isa = PBXFileReference; lastKnownFileType = sourcecode.swift; path = Structures.model.swift; sourceTree = "<group>"; };
		C5167C682A7C945500095427 /* BBCore.swift */ = {isa = PBXFileReference; lastKnownFileType = sourcecode.swift; path = BBCore.swift; sourceTree = "<group>"; };
		C5167C6A2A7C99DB00095427 /* Info.plist */ = {isa = PBXFileReference; lastKnownFileType = text.plist; path = Info.plist; sourceTree = "<group>"; };
		C5167C6B2A7C9CBC00095427 /* AppState.swift */ = {isa = PBXFileReference; lastKnownFileType = sourcecode.swift; path = AppState.swift; sourceTree = "<group>"; };
		C5A87A232A7DB55300FBD07E /* Wraping Stack.swift */ = {isa = PBXFileReference; lastKnownFileType = sourcecode.swift; path = "Wraping Stack.swift"; sourceTree = "<group>"; };
		C5A87A2B2A7EC8E000FBD07E /* SoundFullView.swift */ = {isa = PBXFileReference; lastKnownFileType = sourcecode.swift; path = SoundFullView.swift; sourceTree = "<group>"; };
		C5A87A2D2A7EC98200FBD07E /* SoundTableView.swift */ = {isa = PBXFileReference; lastKnownFileType = sourcecode.swift; path = SoundTableView.swift; sourceTree = "<group>"; };
/* End PBXFileReference section */

/* Begin PBXFrameworksBuildPhase section */
		C5167C122A7C8F2B00095427 /* Frameworks */ = {
			isa = PBXFrameworksBuildPhase;
			buildActionMask = 2147483647;
			files = (
				C5A87A2A2A7EC48200FBD07E /* SwiftUIIntrospect in Frameworks */,
				C5167C5D2A7C8F5100095427 /* BoomBox.framework in Frameworks */,
				C5A87A272A7EC09000FBD07E /* DSWaveformImageViews in Frameworks */,
			);
			runOnlyForDeploymentPostprocessing = 0;
		};
		C5167C232A7C8F2C00095427 /* Frameworks */ = {
			isa = PBXFrameworksBuildPhase;
			buildActionMask = 2147483647;
			files = (
			);
			runOnlyForDeploymentPostprocessing = 0;
		};
		C5167C2D2A7C8F2C00095427 /* Frameworks */ = {
			isa = PBXFrameworksBuildPhase;
			buildActionMask = 2147483647;
			files = (
			);
			runOnlyForDeploymentPostprocessing = 0;
		};
		C5167C452A7C8F5100095427 /* Frameworks */ = {
			isa = PBXFrameworksBuildPhase;
			buildActionMask = 2147483647;
			files = (
			);
			runOnlyForDeploymentPostprocessing = 0;
		};
		C5167C4E2A7C8F5100095427 /* Frameworks */ = {
			isa = PBXFrameworksBuildPhase;
			buildActionMask = 2147483647;
			files = (
				C5167C522A7C8F5100095427 /* BoomBox.framework in Frameworks */,
			);
			runOnlyForDeploymentPostprocessing = 0;
		};
/* End PBXFrameworksBuildPhase section */

/* Begin PBXGroup section */
		C5167C0C2A7C8F2B00095427 = {
			isa = PBXGroup;
			children = (
				C5167C172A7C8F2B00095427 /* BoomBoxUI */,
				C5167C292A7C8F2C00095427 /* BoomBoxUITests */,
				C5167C332A7C8F2C00095427 /* BoomBoxUIUITests */,
				C5167C492A7C8F5100095427 /* BoomBox */,
				C5167C572A7C8F5100095427 /* BoomBoxTests */,
				C5167C162A7C8F2B00095427 /* Products */,
			);
			sourceTree = "<group>";
		};
		C5167C162A7C8F2B00095427 /* Products */ = {
			isa = PBXGroup;
			children = (
				C5167C152A7C8F2B00095427 /* BoomBoxUI.app */,
				C5167C262A7C8F2C00095427 /* BoomBoxUITests.xctest */,
				C5167C302A7C8F2C00095427 /* BoomBoxUIUITests.xctest */,
				C5167C482A7C8F5100095427 /* BoomBox.framework */,
				C5167C512A7C8F5100095427 /* BoomBoxTests.xctest */,
			);
			name = Products;
			sourceTree = "<group>";
		};
		C5167C172A7C8F2B00095427 /* BoomBoxUI */ = {
			isa = PBXGroup;
			children = (
				C5167C6A2A7C99DB00095427 /* Info.plist */,
				C5167C182A7C8F2B00095427 /* BoomBoxUIApp.swift */,
				C5167C1A2A7C8F2B00095427 /* ContentView.swift */,
				C5A87A2D2A7EC98200FBD07E /* SoundTableView.swift */,
				C5A87A2B2A7EC8E000FBD07E /* SoundFullView.swift */,
				C5A87A232A7DB55300FBD07E /* Wraping Stack.swift */,
				C5167C6B2A7C9CBC00095427 /* AppState.swift */,
				C5167C1C2A7C8F2C00095427 /* Assets.xcassets */,
				C5167C212A7C8F2C00095427 /* BoomBoxUI.entitlements */,
				C5167C1E2A7C8F2C00095427 /* Preview Content */,
			);
			path = BoomBoxUI;
			sourceTree = "<group>";
		};
		C5167C1E2A7C8F2C00095427 /* Preview Content */ = {
			isa = PBXGroup;
			children = (
				C5167C1F2A7C8F2C00095427 /* Preview Assets.xcassets */,
			);
			path = "Preview Content";
			sourceTree = "<group>";
		};
		C5167C292A7C8F2C00095427 /* BoomBoxUITests */ = {
			isa = PBXGroup;
			children = (
				C5167C2A2A7C8F2C00095427 /* BoomBoxUITests.swift */,
			);
			path = BoomBoxUITests;
			sourceTree = "<group>";
		};
		C5167C332A7C8F2C00095427 /* BoomBoxUIUITests */ = {
			isa = PBXGroup;
			children = (
				C5167C342A7C8F2C00095427 /* BoomBoxUIUITests.swift */,
				C5167C362A7C8F2C00095427 /* BoomBoxUIUITestsLaunchTests.swift */,
			);
			path = BoomBoxUIUITests;
			sourceTree = "<group>";
		};
		C5167C492A7C8F5100095427 /* BoomBox */ = {
			isa = PBXGroup;
			children = (
				C5167C4A2A7C8F5100095427 /* BoomBox.h */,
				C5167C4B2A7C8F5100095427 /* BoomBox.docc */,
				C5167C662A7C8FCE00095427 /* Structures.model.swift */,
				C5167C682A7C945500095427 /* BBCore.swift */,
			);
			path = BoomBox;
			sourceTree = "<group>";
		};
		C5167C572A7C8F5100095427 /* BoomBoxTests */ = {
			isa = PBXGroup;
			children = (
				C5167C582A7C8F5100095427 /* BoomBoxTests.swift */,
			);
			path = BoomBoxTests;
			sourceTree = "<group>";
		};
/* End PBXGroup section */

/* Begin PBXHeadersBuildPhase section */
		C5167C432A7C8F5100095427 /* Headers */ = {
			isa = PBXHeadersBuildPhase;
			buildActionMask = 2147483647;
			files = (
				C5167C5A2A7C8F5100095427 /* BoomBox.h in Headers */,
			);
			runOnlyForDeploymentPostprocessing = 0;
		};
/* End PBXHeadersBuildPhase section */

/* Begin PBXNativeTarget section */
		C5167C142A7C8F2B00095427 /* BoomBoxUI */ = {
			isa = PBXNativeTarget;
			buildConfigurationList = C5167C3A2A7C8F2C00095427 /* Build configuration list for PBXNativeTarget "BoomBoxUI" */;
			buildPhases = (
				C5167C112A7C8F2B00095427 /* Sources */,
				C5167C122A7C8F2B00095427 /* Frameworks */,
				C5167C132A7C8F2B00095427 /* Resources */,
				C5167C622A7C8F5100095427 /* Embed Frameworks */,
			);
			buildRules = (
			);
			dependencies = (
				C5167C5C2A7C8F5100095427 /* PBXTargetDependency */,
			);
			name = BoomBoxUI;
			packageProductDependencies = (
				C5A87A262A7EC09000FBD07E /* DSWaveformImageViews */,
				C5A87A292A7EC48200FBD07E /* SwiftUIIntrospect */,
			);
			productName = BoomBoxUI;
			productReference = C5167C152A7C8F2B00095427 /* BoomBoxUI.app */;
			productType = "com.apple.product-type.application";
		};
		C5167C252A7C8F2C00095427 /* BoomBoxUITests */ = {
			isa = PBXNativeTarget;
			buildConfigurationList = C5167C3D2A7C8F2C00095427 /* Build configuration list for PBXNativeTarget "BoomBoxUITests" */;
			buildPhases = (
				C5167C222A7C8F2C00095427 /* Sources */,
				C5167C232A7C8F2C00095427 /* Frameworks */,
				C5167C242A7C8F2C00095427 /* Resources */,
			);
			buildRules = (
			);
			dependencies = (
				C5167C282A7C8F2C00095427 /* PBXTargetDependency */,
			);
			name = BoomBoxUITests;
			productName = BoomBoxUITests;
			productReference = C5167C262A7C8F2C00095427 /* BoomBoxUITests.xctest */;
			productType = "com.apple.product-type.bundle.unit-test";
		};
		C5167C2F2A7C8F2C00095427 /* BoomBoxUIUITests */ = {
			isa = PBXNativeTarget;
			buildConfigurationList = C5167C402A7C8F2C00095427 /* Build configuration list for PBXNativeTarget "BoomBoxUIUITests" */;
			buildPhases = (
				C5167C2C2A7C8F2C00095427 /* Sources */,
				C5167C2D2A7C8F2C00095427 /* Frameworks */,
				C5167C2E2A7C8F2C00095427 /* Resources */,
			);
			buildRules = (
			);
			dependencies = (
				C5167C322A7C8F2C00095427 /* PBXTargetDependency */,
			);
			name = BoomBoxUIUITests;
			productName = BoomBoxUIUITests;
			productReference = C5167C302A7C8F2C00095427 /* BoomBoxUIUITests.xctest */;
			productType = "com.apple.product-type.bundle.ui-testing";
		};
		C5167C472A7C8F5100095427 /* BoomBox */ = {
			isa = PBXNativeTarget;
			buildConfigurationList = C5167C5F2A7C8F5100095427 /* Build configuration list for PBXNativeTarget "BoomBox" */;
			buildPhases = (
				C5167C432A7C8F5100095427 /* Headers */,
				C5167C442A7C8F5100095427 /* Sources */,
				C5167C452A7C8F5100095427 /* Frameworks */,
				C5167C462A7C8F5100095427 /* Resources */,
			);
			buildRules = (
			);
			dependencies = (
			);
			name = BoomBox;
			productName = BoomBox;
			productReference = C5167C482A7C8F5100095427 /* BoomBox.framework */;
			productType = "com.apple.product-type.framework";
		};
		C5167C502A7C8F5100095427 /* BoomBoxTests */ = {
			isa = PBXNativeTarget;
			buildConfigurationList = C5167C632A7C8F5100095427 /* Build configuration list for PBXNativeTarget "BoomBoxTests" */;
			buildPhases = (
				C5167C4D2A7C8F5100095427 /* Sources */,
				C5167C4E2A7C8F5100095427 /* Frameworks */,
				C5167C4F2A7C8F5100095427 /* Resources */,
			);
			buildRules = (
			);
			dependencies = (
				C5167C542A7C8F5100095427 /* PBXTargetDependency */,
				C5167C562A7C8F5100095427 /* PBXTargetDependency */,
			);
			name = BoomBoxTests;
			productName = BoomBoxTests;
			productReference = C5167C512A7C8F5100095427 /* BoomBoxTests.xctest */;
			productType = "com.apple.product-type.bundle.unit-test";
		};
/* End PBXNativeTarget section */

/* Begin PBXProject section */
		C5167C0D2A7C8F2B00095427 /* Project object */ = {
			isa = PBXProject;
			attributes = {
				BuildIndependentTargetsInParallel = 1;
				LastSwiftUpdateCheck = 1430;
				LastUpgradeCheck = 1430;
				TargetAttributes = {
					C5167C142A7C8F2B00095427 = {
						CreatedOnToolsVersion = 14.3.1;
					};
					C5167C252A7C8F2C00095427 = {
						CreatedOnToolsVersion = 14.3.1;
						TestTargetID = C5167C142A7C8F2B00095427;
					};
					C5167C2F2A7C8F2C00095427 = {
						CreatedOnToolsVersion = 14.3.1;
						TestTargetID = C5167C142A7C8F2B00095427;
					};
					C5167C472A7C8F5100095427 = {
						CreatedOnToolsVersion = 14.3.1;
					};
					C5167C502A7C8F5100095427 = {
						CreatedOnToolsVersion = 14.3.1;
						TestTargetID = C5167C142A7C8F2B00095427;
					};
				};
			};
			buildConfigurationList = C5167C102A7C8F2B00095427 /* Build configuration list for PBXProject "BoomBoxUI" */;
			compatibilityVersion = "Xcode 14.0";
			developmentRegion = en;
			hasScannedForEncodings = 0;
			knownRegions = (
				en,
				Base,
			);
			mainGroup = C5167C0C2A7C8F2B00095427;
			packageReferences = (
				C5A87A252A7EC09000FBD07E /* XCRemoteSwiftPackageReference "DSWaveformImage" */,
				C5A87A282A7EC48200FBD07E /* XCRemoteSwiftPackageReference "swiftui-introspect" */,
			);
			productRefGroup = C5167C162A7C8F2B00095427 /* Products */;
			projectDirPath = "";
			projectRoot = "";
			targets = (
				C5167C142A7C8F2B00095427 /* BoomBoxUI */,
				C5167C252A7C8F2C00095427 /* BoomBoxUITests */,
				C5167C2F2A7C8F2C00095427 /* BoomBoxUIUITests */,
				C5167C472A7C8F5100095427 /* BoomBox */,
				C5167C502A7C8F5100095427 /* BoomBoxTests */,
			);
		};
/* End PBXProject section */

/* Begin PBXResourcesBuildPhase section */
		C5167C132A7C8F2B00095427 /* Resources */ = {
			isa = PBXResourcesBuildPhase;
			buildActionMask = 2147483647;
			files = (
				C5167C202A7C8F2C00095427 /* Preview Assets.xcassets in Resources */,
				C5167C1D2A7C8F2C00095427 /* Assets.xcassets in Resources */,
			);
			runOnlyForDeploymentPostprocessing = 0;
		};
		C5167C242A7C8F2C00095427 /* Resources */ = {
			isa = PBXResourcesBuildPhase;
			buildActionMask = 2147483647;
			files = (
			);
			runOnlyForDeploymentPostprocessing = 0;
		};
		C5167C2E2A7C8F2C00095427 /* Resources */ = {
			isa = PBXResourcesBuildPhase;
			buildActionMask = 2147483647;
			files = (
			);
			runOnlyForDeploymentPostprocessing = 0;
		};
		C5167C462A7C8F5100095427 /* Resources */ = {
			isa = PBXResourcesBuildPhase;
			buildActionMask = 2147483647;
			files = (
			);
			runOnlyForDeploymentPostprocessing = 0;
		};
		C5167C4F2A7C8F5100095427 /* Resources */ = {
			isa = PBXResourcesBuildPhase;
			buildActionMask = 2147483647;
			files = (
			);
			runOnlyForDeploymentPostprocessing = 0;
		};
/* End PBXResourcesBuildPhase section */

/* Begin PBXSourcesBuildPhase section */
		C5167C112A7C8F2B00095427 /* Sources */ = {
			isa = PBXSourcesBuildPhase;
			buildActionMask = 2147483647;
			files = (
				C5A87A242A7DB55300FBD07E /* Wraping Stack.swift in Sources */,
				C5167C6C2A7C9CBC00095427 /* AppState.swift in Sources */,
				C5167C1B2A7C8F2B00095427 /* ContentView.swift in Sources */,
				C5A87A2C2A7EC8E000FBD07E /* SoundFullView.swift in Sources */,
				C5167C192A7C8F2B00095427 /* BoomBoxUIApp.swift in Sources */,
				C5A87A2E2A7EC98200FBD07E /* SoundTableView.swift in Sources */,
			);
			runOnlyForDeploymentPostprocessing = 0;
		};
		C5167C222A7C8F2C00095427 /* Sources */ = {
			isa = PBXSourcesBuildPhase;
			buildActionMask = 2147483647;
			files = (
				C5167C2B2A7C8F2C00095427 /* BoomBoxUITests.swift in Sources */,
			);
			runOnlyForDeploymentPostprocessing = 0;
		};
		C5167C2C2A7C8F2C00095427 /* Sources */ = {
			isa = PBXSourcesBuildPhase;
			buildActionMask = 2147483647;
			files = (
				C5167C352A7C8F2C00095427 /* BoomBoxUIUITests.swift in Sources */,
				C5167C372A7C8F2C00095427 /* BoomBoxUIUITestsLaunchTests.swift in Sources */,
			);
			runOnlyForDeploymentPostprocessing = 0;
		};
		C5167C442A7C8F5100095427 /* Sources */ = {
			isa = PBXSourcesBuildPhase;
			buildActionMask = 2147483647;
			files = (
				C5167C672A7C8FCE00095427 /* Structures.model.swift in Sources */,
				C5167C4C2A7C8F5100095427 /* BoomBox.docc in Sources */,
				C5167C692A7C945500095427 /* BBCore.swift in Sources */,
			);
			runOnlyForDeploymentPostprocessing = 0;
		};
		C5167C4D2A7C8F5100095427 /* Sources */ = {
			isa = PBXSourcesBuildPhase;
			buildActionMask = 2147483647;
			files = (
				C5167C592A7C8F5100095427 /* BoomBoxTests.swift in Sources */,
			);
			runOnlyForDeploymentPostprocessing = 0;
		};
/* End PBXSourcesBuildPhase section */

/* Begin PBXTargetDependency section */
		C5167C282A7C8F2C00095427 /* PBXTargetDependency */ = {
			isa = PBXTargetDependency;
			target = C5167C142A7C8F2B00095427 /* BoomBoxUI */;
			targetProxy = C5167C272A7C8F2C00095427 /* PBXContainerItemProxy */;
		};
		C5167C322A7C8F2C00095427 /* PBXTargetDependency */ = {
			isa = PBXTargetDependency;
			target = C5167C142A7C8F2B00095427 /* BoomBoxUI */;
			targetProxy = C5167C312A7C8F2C00095427 /* PBXContainerItemProxy */;
		};
		C5167C542A7C8F5100095427 /* PBXTargetDependency */ = {
			isa = PBXTargetDependency;
			target = C5167C472A7C8F5100095427 /* BoomBox */;
			targetProxy = C5167C532A7C8F5100095427 /* PBXContainerItemProxy */;
		};
		C5167C562A7C8F5100095427 /* PBXTargetDependency */ = {
			isa = PBXTargetDependency;
			target = C5167C142A7C8F2B00095427 /* BoomBoxUI */;
			targetProxy = C5167C552A7C8F5100095427 /* PBXContainerItemProxy */;
		};
		C5167C5C2A7C8F5100095427 /* PBXTargetDependency */ = {
			isa = PBXTargetDependency;
			target = C5167C472A7C8F5100095427 /* BoomBox */;
			targetProxy = C5167C5B2A7C8F5100095427 /* PBXContainerItemProxy */;
		};
/* End PBXTargetDependency section */

/* Begin XCBuildConfiguration section */
		C5167C382A7C8F2C00095427 /* Debug */ = {
			isa = XCBuildConfiguration;
			buildSettings = {
				ALWAYS_SEARCH_USER_PATHS = NO;
				CLANG_ANALYZER_NONNULL = YES;
				CLANG_ANALYZER_NUMBER_OBJECT_CONVERSION = YES_AGGRESSIVE;
				CLANG_CXX_LANGUAGE_STANDARD = "gnu++20";
				CLANG_ENABLE_MODULES = YES;
				CLANG_ENABLE_OBJC_ARC = YES;
				CLANG_ENABLE_OBJC_WEAK = YES;
				CLANG_WARN_BLOCK_CAPTURE_AUTORELEASING = YES;
				CLANG_WARN_BOOL_CONVERSION = YES;
				CLANG_WARN_COMMA = YES;
				CLANG_WARN_CONSTANT_CONVERSION = YES;
				CLANG_WARN_DEPRECATED_OBJC_IMPLEMENTATIONS = YES;
				CLANG_WARN_DIRECT_OBJC_ISA_USAGE = YES_ERROR;
				CLANG_WARN_DOCUMENTATION_COMMENTS = YES;
				CLANG_WARN_EMPTY_BODY = YES;
				CLANG_WARN_ENUM_CONVERSION = YES;
				CLANG_WARN_INFINITE_RECURSION = YES;
				CLANG_WARN_INT_CONVERSION = YES;
				CLANG_WARN_NON_LITERAL_NULL_CONVERSION = YES;
				CLANG_WARN_OBJC_IMPLICIT_RETAIN_SELF = YES;
				CLANG_WARN_OBJC_LITERAL_CONVERSION = YES;
				CLANG_WARN_OBJC_ROOT_CLASS = YES_ERROR;
				CLANG_WARN_QUOTED_INCLUDE_IN_FRAMEWORK_HEADER = YES;
				CLANG_WARN_RANGE_LOOP_ANALYSIS = YES;
				CLANG_WARN_STRICT_PROTOTYPES = YES;
				CLANG_WARN_SUSPICIOUS_MOVE = YES;
				CLANG_WARN_UNGUARDED_AVAILABILITY = YES_AGGRESSIVE;
				CLANG_WARN_UNREACHABLE_CODE = YES;
				CLANG_WARN__DUPLICATE_METHOD_MATCH = YES;
				COPY_PHASE_STRIP = NO;
				DEBUG_INFORMATION_FORMAT = dwarf;
				ENABLE_STRICT_OBJC_MSGSEND = YES;
				ENABLE_TESTABILITY = YES;
				GCC_C_LANGUAGE_STANDARD = gnu11;
				GCC_DYNAMIC_NO_PIC = NO;
				GCC_NO_COMMON_BLOCKS = YES;
				GCC_OPTIMIZATION_LEVEL = 0;
				GCC_PREPROCESSOR_DEFINITIONS = (
					"DEBUG=1",
					"$(inherited)",
				);
				GCC_WARN_64_TO_32_BIT_CONVERSION = YES;
				GCC_WARN_ABOUT_RETURN_TYPE = YES_ERROR;
				GCC_WARN_UNDECLARED_SELECTOR = YES;
				GCC_WARN_UNINITIALIZED_AUTOS = YES_AGGRESSIVE;
				GCC_WARN_UNUSED_FUNCTION = YES;
				GCC_WARN_UNUSED_VARIABLE = YES;
				MACOSX_DEPLOYMENT_TARGET = 13.3;
				MTL_ENABLE_DEBUG_INFO = INCLUDE_SOURCE;
				MTL_FAST_MATH = YES;
				ONLY_ACTIVE_ARCH = YES;
				SDKROOT = macosx;
				SWIFT_ACTIVE_COMPILATION_CONDITIONS = DEBUG;
				SWIFT_OPTIMIZATION_LEVEL = "-Onone";
			};
			name = Debug;
		};
		C5167C392A7C8F2C00095427 /* Release */ = {
			isa = XCBuildConfiguration;
			buildSettings = {
				ALWAYS_SEARCH_USER_PATHS = NO;
				CLANG_ANALYZER_NONNULL = YES;
				CLANG_ANALYZER_NUMBER_OBJECT_CONVERSION = YES_AGGRESSIVE;
				CLANG_CXX_LANGUAGE_STANDARD = "gnu++20";
				CLANG_ENABLE_MODULES = YES;
				CLANG_ENABLE_OBJC_ARC = YES;
				CLANG_ENABLE_OBJC_WEAK = YES;
				CLANG_WARN_BLOCK_CAPTURE_AUTORELEASING = YES;
				CLANG_WARN_BOOL_CONVERSION = YES;
				CLANG_WARN_COMMA = YES;
				CLANG_WARN_CONSTANT_CONVERSION = YES;
				CLANG_WARN_DEPRECATED_OBJC_IMPLEMENTATIONS = YES;
				CLANG_WARN_DIRECT_OBJC_ISA_USAGE = YES_ERROR;
				CLANG_WARN_DOCUMENTATION_COMMENTS = YES;
				CLANG_WARN_EMPTY_BODY = YES;
				CLANG_WARN_ENUM_CONVERSION = YES;
				CLANG_WARN_INFINITE_RECURSION = YES;
				CLANG_WARN_INT_CONVERSION = YES;
				CLANG_WARN_NON_LITERAL_NULL_CONVERSION = YES;
				CLANG_WARN_OBJC_IMPLICIT_RETAIN_SELF = YES;
				CLANG_WARN_OBJC_LITERAL_CONVERSION = YES;
				CLANG_WARN_OBJC_ROOT_CLASS = YES_ERROR;
				CLANG_WARN_QUOTED_INCLUDE_IN_FRAMEWORK_HEADER = YES;
				CLANG_WARN_RANGE_LOOP_ANALYSIS = YES;
				CLANG_WARN_STRICT_PROTOTYPES = YES;
				CLANG_WARN_SUSPICIOUS_MOVE = YES;
				CLANG_WARN_UNGUARDED_AVAILABILITY = YES_AGGRESSIVE;
				CLANG_WARN_UNREACHABLE_CODE = YES;
				CLANG_WARN__DUPLICATE_METHOD_MATCH = YES;
				COPY_PHASE_STRIP = NO;
				DEBUG_INFORMATION_FORMAT = "dwarf-with-dsym";
				ENABLE_NS_ASSERTIONS = NO;
				ENABLE_STRICT_OBJC_MSGSEND = YES;
				GCC_C_LANGUAGE_STANDARD = gnu11;
				GCC_NO_COMMON_BLOCKS = YES;
				GCC_WARN_64_TO_32_BIT_CONVERSION = YES;
				GCC_WARN_ABOUT_RETURN_TYPE = YES_ERROR;
				GCC_WARN_UNDECLARED_SELECTOR = YES;
				GCC_WARN_UNINITIALIZED_AUTOS = YES_AGGRESSIVE;
				GCC_WARN_UNUSED_FUNCTION = YES;
				GCC_WARN_UNUSED_VARIABLE = YES;
				MACOSX_DEPLOYMENT_TARGET = 13.3;
				MTL_ENABLE_DEBUG_INFO = NO;
				MTL_FAST_MATH = YES;
				SDKROOT = macosx;
				SWIFT_COMPILATION_MODE = wholemodule;
				SWIFT_OPTIMIZATION_LEVEL = "-O";
			};
			name = Release;
		};
		C5167C3B2A7C8F2C00095427 /* Debug */ = {
			isa = XCBuildConfiguration;
			buildSettings = {
				ALWAYS_EMBED_SWIFT_STANDARD_LIBRARIES = YES;
				ASSETCATALOG_COMPILER_APPICON_NAME = AppIcon;
				ASSETCATALOG_COMPILER_GLOBAL_ACCENT_COLOR_NAME = AccentColor;
				CODE_SIGN_ENTITLEMENTS = BoomBoxUI/BoomBoxUI.entitlements;
				CODE_SIGN_STYLE = Automatic;
				COMBINE_HIDPI_IMAGES = YES;
				CURRENT_PROJECT_VERSION = 1;
				DEVELOPMENT_ASSET_PATHS = "\"BoomBoxUI/Preview Content\"";
				DEVELOPMENT_TEAM = 7M5JDZSYX7;
				ENABLE_HARDENED_RUNTIME = YES;
				ENABLE_PREVIEWS = YES;
				GENERATE_INFOPLIST_FILE = YES;
				INFOPLIST_FILE = BoomBoxUI/Info.plist;
				INFOPLIST_KEY_CFBundleDisplayName = BoomBox;
				INFOPLIST_KEY_LSApplicationCategoryType = "public.app-category.video";
				INFOPLIST_KEY_NSHumanReadableCopyright = "";
				LD_RUNPATH_SEARCH_PATHS = (
					"$(inherited)",
					"@executable_path/../Frameworks",
				);
				MARKETING_VERSION = 1.0;
				PRODUCT_BUNDLE_IDENTIFIER = com.ronanfuruta.BoomBoxUI;
				PRODUCT_NAME = "$(TARGET_NAME)";
				SWIFT_EMIT_LOC_STRINGS = YES;
				SWIFT_VERSION = 5.0;
			};
			name = Debug;
		};
		C5167C3C2A7C8F2C00095427 /* Release */ = {
			isa = XCBuildConfiguration;
			buildSettings = {
				ALWAYS_EMBED_SWIFT_STANDARD_LIBRARIES = YES;
				ASSETCATALOG_COMPILER_APPICON_NAME = AppIcon;
				ASSETCATALOG_COMPILER_GLOBAL_ACCENT_COLOR_NAME = AccentColor;
				CODE_SIGN_ENTITLEMENTS = BoomBoxUI/BoomBoxUI.entitlements;
				CODE_SIGN_STYLE = Automatic;
				COMBINE_HIDPI_IMAGES = YES;
				CURRENT_PROJECT_VERSION = 1;
				DEVELOPMENT_ASSET_PATHS = "\"BoomBoxUI/Preview Content\"";
				DEVELOPMENT_TEAM = 7M5JDZSYX7;
				ENABLE_HARDENED_RUNTIME = YES;
				ENABLE_PREVIEWS = YES;
				GENERATE_INFOPLIST_FILE = YES;
				INFOPLIST_FILE = BoomBoxUI/Info.plist;
				INFOPLIST_KEY_CFBundleDisplayName = BoomBox;
				INFOPLIST_KEY_LSApplicationCategoryType = "public.app-category.video";
				INFOPLIST_KEY_NSHumanReadableCopyright = "";
				LD_RUNPATH_SEARCH_PATHS = (
					"$(inherited)",
					"@executable_path/../Frameworks",
				);
				MARKETING_VERSION = 1.0;
				PRODUCT_BUNDLE_IDENTIFIER = com.ronanfuruta.BoomBoxUI;
				PRODUCT_NAME = "$(TARGET_NAME)";
				SWIFT_EMIT_LOC_STRINGS = YES;
				SWIFT_VERSION = 5.0;
			};
			name = Release;
		};
		C5167C3E2A7C8F2C00095427 /* Debug */ = {
			isa = XCBuildConfiguration;
			buildSettings = {
				ALWAYS_EMBED_SWIFT_STANDARD_LIBRARIES = YES;
				BUNDLE_LOADER = "$(TEST_HOST)";
				CODE_SIGN_STYLE = Automatic;
				CURRENT_PROJECT_VERSION = 1;
				DEVELOPMENT_TEAM = 7M5JDZSYX7;
				GENERATE_INFOPLIST_FILE = YES;
				MACOSX_DEPLOYMENT_TARGET = 13.3;
				MARKETING_VERSION = 1.0;
				PRODUCT_BUNDLE_IDENTIFIER = com.ronanfuruta.BoomBoxUITests;
				PRODUCT_NAME = "$(TARGET_NAME)";
				SWIFT_EMIT_LOC_STRINGS = NO;
				SWIFT_VERSION = 5.0;
				TEST_HOST = "$(BUILT_PRODUCTS_DIR)/BoomBoxUI.app/$(BUNDLE_EXECUTABLE_FOLDER_PATH)/BoomBoxUI";
			};
			name = Debug;
		};
		C5167C3F2A7C8F2C00095427 /* Release */ = {
			isa = XCBuildConfiguration;
			buildSettings = {
				ALWAYS_EMBED_SWIFT_STANDARD_LIBRARIES = YES;
				BUNDLE_LOADER = "$(TEST_HOST)";
				CODE_SIGN_STYLE = Automatic;
				CURRENT_PROJECT_VERSION = 1;
				DEVELOPMENT_TEAM = 7M5JDZSYX7;
				GENERATE_INFOPLIST_FILE = YES;
				MACOSX_DEPLOYMENT_TARGET = 13.3;
				MARKETING_VERSION = 1.0;
				PRODUCT_BUNDLE_IDENTIFIER = com.ronanfuruta.BoomBoxUITests;
				PRODUCT_NAME = "$(TARGET_NAME)";
				SWIFT_EMIT_LOC_STRINGS = NO;
				SWIFT_VERSION = 5.0;
				TEST_HOST = "$(BUILT_PRODUCTS_DIR)/BoomBoxUI.app/$(BUNDLE_EXECUTABLE_FOLDER_PATH)/BoomBoxUI";
			};
			name = Release;
		};
		C5167C412A7C8F2C00095427 /* Debug */ = {
			isa = XCBuildConfiguration;
			buildSettings = {
				ALWAYS_EMBED_SWIFT_STANDARD_LIBRARIES = YES;
				CODE_SIGN_STYLE = Automatic;
				CURRENT_PROJECT_VERSION = 1;
				DEVELOPMENT_TEAM = 7M5JDZSYX7;
				GENERATE_INFOPLIST_FILE = YES;
				MARKETING_VERSION = 1.0;
				PRODUCT_BUNDLE_IDENTIFIER = com.ronanfuruta.BoomBoxUIUITests;
				PRODUCT_NAME = "$(TARGET_NAME)";
				SWIFT_EMIT_LOC_STRINGS = NO;
				SWIFT_VERSION = 5.0;
				TEST_TARGET_NAME = BoomBoxUI;
			};
			name = Debug;
		};
		C5167C422A7C8F2C00095427 /* Release */ = {
			isa = XCBuildConfiguration;
			buildSettings = {
				ALWAYS_EMBED_SWIFT_STANDARD_LIBRARIES = YES;
				CODE_SIGN_STYLE = Automatic;
				CURRENT_PROJECT_VERSION = 1;
				DEVELOPMENT_TEAM = 7M5JDZSYX7;
				GENERATE_INFOPLIST_FILE = YES;
				MARKETING_VERSION = 1.0;
				PRODUCT_BUNDLE_IDENTIFIER = com.ronanfuruta.BoomBoxUIUITests;
				PRODUCT_NAME = "$(TARGET_NAME)";
				SWIFT_EMIT_LOC_STRINGS = NO;
				SWIFT_VERSION = 5.0;
				TEST_TARGET_NAME = BoomBoxUI;
			};
			name = Release;
		};
		C5167C602A7C8F5100095427 /* Debug */ = {
			isa = XCBuildConfiguration;
			buildSettings = {
				CODE_SIGN_STYLE = Automatic;
				COMBINE_HIDPI_IMAGES = YES;
				CURRENT_PROJECT_VERSION = 1;
				DEFINES_MODULE = YES;
				DEVELOPMENT_TEAM = 7M5JDZSYX7;
				DYLIB_COMPATIBILITY_VERSION = 1;
				DYLIB_CURRENT_VERSION = 1;
				DYLIB_INSTALL_NAME_BASE = "@rpath";
				ENABLE_MODULE_VERIFIER = YES;
				GENERATE_INFOPLIST_FILE = YES;
				INFOPLIST_KEY_NSHumanReadableCopyright = "";
				INSTALL_PATH = "$(LOCAL_LIBRARY_DIR)/Frameworks";
				LD_RUNPATH_SEARCH_PATHS = (
					"$(inherited)",
					"@executable_path/../Frameworks",
					"@loader_path/Frameworks",
				);
				MARKETING_VERSION = 1.0;
				MODULE_VERIFIER_SUPPORTED_LANGUAGES = "objective-c objective-c++";
				MODULE_VERIFIER_SUPPORTED_LANGUAGE_STANDARDS = "gnu11 gnu++20";
				PRODUCT_BUNDLE_IDENTIFIER = com.ronanfuruta.BoomBox;
				PRODUCT_NAME = "$(TARGET_NAME:c99extidentifier)";
				SKIP_INSTALL = YES;
				SWIFT_EMIT_LOC_STRINGS = YES;
				SWIFT_VERSION = 5.0;
				VERSIONING_SYSTEM = "apple-generic";
				VERSION_INFO_PREFIX = "";
			};
			name = Debug;
		};
		C5167C612A7C8F5100095427 /* Release */ = {
			isa = XCBuildConfiguration;
			buildSettings = {
				CODE_SIGN_STYLE = Automatic;
				COMBINE_HIDPI_IMAGES = YES;
				CURRENT_PROJECT_VERSION = 1;
				DEFINES_MODULE = YES;
				DEVELOPMENT_TEAM = 7M5JDZSYX7;
				DYLIB_COMPATIBILITY_VERSION = 1;
				DYLIB_CURRENT_VERSION = 1;
				DYLIB_INSTALL_NAME_BASE = "@rpath";
				ENABLE_MODULE_VERIFIER = YES;
				GENERATE_INFOPLIST_FILE = YES;
				INFOPLIST_KEY_NSHumanReadableCopyright = "";
				INSTALL_PATH = "$(LOCAL_LIBRARY_DIR)/Frameworks";
				LD_RUNPATH_SEARCH_PATHS = (
					"$(inherited)",
					"@executable_path/../Frameworks",
					"@loader_path/Frameworks",
				);
				MARKETING_VERSION = 1.0;
				MODULE_VERIFIER_SUPPORTED_LANGUAGES = "objective-c objective-c++";
				MODULE_VERIFIER_SUPPORTED_LANGUAGE_STANDARDS = "gnu11 gnu++20";
				PRODUCT_BUNDLE_IDENTIFIER = com.ronanfuruta.BoomBox;
				PRODUCT_NAME = "$(TARGET_NAME:c99extidentifier)";
				SKIP_INSTALL = YES;
				SWIFT_EMIT_LOC_STRINGS = YES;
				SWIFT_VERSION = 5.0;
				VERSIONING_SYSTEM = "apple-generic";
				VERSION_INFO_PREFIX = "";
			};
			name = Release;
		};
		C5167C642A7C8F5100095427 /* Debug */ = {
			isa = XCBuildConfiguration;
			buildSettings = {
				ALWAYS_EMBED_SWIFT_STANDARD_LIBRARIES = YES;
				CODE_SIGN_STYLE = Automatic;
				CURRENT_PROJECT_VERSION = 1;
				DEVELOPMENT_TEAM = 7M5JDZSYX7;
				GENERATE_INFOPLIST_FILE = YES;
				MARKETING_VERSION = 1.0;
				PRODUCT_BUNDLE_IDENTIFIER = com.ronanfuruta.BoomBoxTests;
				PRODUCT_NAME = "$(TARGET_NAME)";
				SWIFT_EMIT_LOC_STRINGS = NO;
				SWIFT_VERSION = 5.0;
				TEST_HOST = "$(BUILT_PRODUCTS_DIR)/BoomBoxUI.app/$(BUNDLE_EXECUTABLE_FOLDER_PATH)/BoomBoxUI";
			};
			name = Debug;
		};
		C5167C652A7C8F5100095427 /* Release */ = {
			isa = XCBuildConfiguration;
			buildSettings = {
				ALWAYS_EMBED_SWIFT_STANDARD_LIBRARIES = YES;
				CODE_SIGN_STYLE = Automatic;
				CURRENT_PROJECT_VERSION = 1;
				DEVELOPMENT_TEAM = 7M5JDZSYX7;
				GENERATE_INFOPLIST_FILE = YES;
				MARKETING_VERSION = 1.0;
				PRODUCT_BUNDLE_IDENTIFIER = com.ronanfuruta.BoomBoxTests;
				PRODUCT_NAME = "$(TARGET_NAME)";
				SWIFT_EMIT_LOC_STRINGS = NO;
				SWIFT_VERSION = 5.0;
				TEST_HOST = "$(BUILT_PRODUCTS_DIR)/BoomBoxUI.app/$(BUNDLE_EXECUTABLE_FOLDER_PATH)/BoomBoxUI";
			};
			name = Release;
		};
/* End XCBuildConfiguration section */

/* Begin XCConfigurationList section */
		C5167C102A7C8F2B00095427 /* Build configuration list for PBXProject "BoomBoxUI" */ = {
			isa = XCConfigurationList;
			buildConfigurations = (
				C5167C382A7C8F2C00095427 /* Debug */,
				C5167C392A7C8F2C00095427 /* Release */,
			);
			defaultConfigurationIsVisible = 0;
			defaultConfigurationName = Release;
		};
		C5167C3A2A7C8F2C00095427 /* Build configuration list for PBXNativeTarget "BoomBoxUI" */ = {
			isa = XCConfigurationList;
			buildConfigurations = (
				C5167C3B2A7C8F2C00095427 /* Debug */,
				C5167C3C2A7C8F2C00095427 /* Release */,
			);
			defaultConfigurationIsVisible = 0;
			defaultConfigurationName = Release;
		};
		C5167C3D2A7C8F2C00095427 /* Build configuration list for PBXNativeTarget "BoomBoxUITests" */ = {
			isa = XCConfigurationList;
			buildConfigurations = (
				C5167C3E2A7C8F2C00095427 /* Debug */,
				C5167C3F2A7C8F2C00095427 /* Release */,
			);
			defaultConfigurationIsVisible = 0;
			defaultConfigurationName = Release;
		};
		C5167C402A7C8F2C00095427 /* Build configuration list for PBXNativeTarget "BoomBoxUIUITests" */ = {
			isa = XCConfigurationList;
			buildConfigurations = (
				C5167C412A7C8F2C00095427 /* Debug */,
				C5167C422A7C8F2C00095427 /* Release */,
			);
			defaultConfigurationIsVisible = 0;
			defaultConfigurationName = Release;
		};
		C5167C5F2A7C8F5100095427 /* Build configuration list for PBXNativeTarget "BoomBox" */ = {
			isa = XCConfigurationList;
			buildConfigurations = (
				C5167C602A7C8F5100095427 /* Debug */,
				C5167C612A7C8F5100095427 /* Release */,
			);
			defaultConfigurationIsVisible = 0;
			defaultConfigurationName = Release;
		};
		C5167C632A7C8F5100095427 /* Build configuration list for PBXNativeTarget "BoomBoxTests" */ = {
			isa = XCConfigurationList;
			buildConfigurations = (
				C5167C642A7C8F5100095427 /* Debug */,
				C5167C652A7C8F5100095427 /* Release */,
			);
			defaultConfigurationIsVisible = 0;
			defaultConfigurationName = Release;
		};
/* End XCConfigurationList section */

/* Begin XCRemoteSwiftPackageReference section */
		C5A87A252A7EC09000FBD07E /* XCRemoteSwiftPackageReference "DSWaveformImage" */ = {
			isa = XCRemoteSwiftPackageReference;
			repositoryURL = "https://github.com/dmrschmidt/DSWaveformImage";
			requirement = {
				kind = upToNextMajorVersion;
				minimumVersion = 13.0.0;
			};
		};
		C5A87A282A7EC48200FBD07E /* XCRemoteSwiftPackageReference "swiftui-introspect" */ = {
			isa = XCRemoteSwiftPackageReference;
			repositoryURL = "https://github.com/siteline/swiftui-introspect";
			requirement = {
				kind = upToNextMajorVersion;
				minimumVersion = 0.10.0;
			};
		};
/* End XCRemoteSwiftPackageReference section */

/* Begin XCSwiftPackageProductDependency section */
		C5A87A262A7EC09000FBD07E /* DSWaveformImageViews */ = {
			isa = XCSwiftPackageProductDependency;
			package = C5A87A252A7EC09000FBD07E /* XCRemoteSwiftPackageReference "DSWaveformImage" */;
			productName = DSWaveformImageViews;
		};
		C5A87A292A7EC48200FBD07E /* SwiftUIIntrospect */ = {
			isa = XCSwiftPackageProductDependency;
			package = C5A87A282A7EC48200FBD07E /* XCRemoteSwiftPackageReference "swiftui-introspect" */;
			productName = SwiftUIIntrospect;
		};
/* End XCSwiftPackageProductDependency section */
	};
	rootObject = C5167C0D2A7C8F2B00095427 /* Project object */;
}
